
Microsoft Visual Studio Solution File, Format Version 12.00
# Visual Studio Version 17
VisualStudioVersion = 17.3.32929.385
MinimumVisualStudioVersion = 10.0.40219.1
Project("{FAE04EC0-301F-11D3-BF4B-00C04F79EFBC}") = "AC", "AC\AC.csproj", "{581FFF30-A680-4603-9CC4-E65E8A7FFC62}"
EndProject
Global
	GlobalSection(SolutionConfigurationPlatforms) = preSolution
		Debug|Any CPU = Debug|Any CPU
		Release|Any CPU = Release|Any CPU
	EndGlobalSection
	GlobalSection(ProjectConfigurationPlatforms) = postSolution
		{581FFF30-A680-4603-9CC4-E65E8A7FFC62}.Debug|Any CPU.ActiveCfg = Debug|Any CPU
		{581FFF30-A680-4603-9CC4-E65E8A7FFC62}.Debug|Any CPU.Build.0 = Debug|Any CPU
		{581FFF30-A680-4603-9CC4-E65E8A7FFC62}.Release|Any CPU.ActiveCfg = Release|Any CPU
		{581FFF30-A680-4603-9CC4-E65E8A7FFC62}.Release|Any CPU.Build.0 = Release|Any CPU
	EndGlobalSection
	GlobalSection(SolutionProperties) = preSolution
		HideSolutionNode = FALSE
	EndGlobalSection
	GlobalSection(ExtensibilityGlobals) = postSolution
		SolutionGuid = {5B8773BD-BD54-446C-9914-3E64D01E3E30}
	EndGlobalSection
EndGlobal
